
Microsoft Visual Studio Solution File, Format Version 12.00
# Visual Studio Version 16
VisualStudioVersion = 16.0.33423.256
MinimumVisualStudioVersion = 10.0.40219.1
Project("{FAE04EC0-301F-11D3-BF4B-00C04F79EFBC}") = "local_login", "local _login\local_login.csproj", "{1E30100B-A0EE-4677-9C20-7AE28DE33C81}"
EndProject
Global
	GlobalSection(SolutionConfigurationPlatforms) = preSolution
		Debug|Any CPU = Debug|Any CPU
		Release|Any CPU = Release|Any CPU
	EndGlobalSection
	GlobalSection(ProjectConfigurationPlatforms) = postSolution
		{1E30100B-A0EE-4677-9C20-7AE28DE33C81}.Debug|Any CPU.ActiveCfg = Debug|Any CPU
		{1E30100B-A0EE-4677-9C20-7AE28DE33C81}.Debug|Any CPU.Build.0 = Debug|Any CPU
		{1E30100B-A0EE-4677-9C20-7AE28DE33C81}.Release|Any CPU.ActiveCfg = Release|Any CPU
		{1E30100B-A0EE-4677-9C20-7AE28DE33C81}.Release|Any CPU.Build.0 = Release|Any CPU
	EndGlobalSection
	GlobalSection(SolutionProperties) = preSolution
		HideSolutionNode = FALSE
	EndGlobalSection
	GlobalSection(ExtensibilityGlobals) = postSolution
		SolutionGuid = {CD029845-8ECC-4612-9546-3F89B61D961D}
	EndGlobalSection
EndGlobal
